
Microsoft Visual Studio Solution File, Format Version 12.00
# Visual Studio Version 17
VisualStudioVersion = 17.2.32616.157
MinimumVisualStudioVersion = 10.0.40219.1
Project("{FAE04EC0-301F-11D3-BF4B-00C04F79EFBC}") = "RPGGameConsole", "RPGGameConsole\RPGGameConsole.csproj", "{53F81159-EBCD-4C3E-B36B-9985C3800B0E}"
EndProject
Global
	GlobalSection(SolutionConfigurationPlatforms) = preSolution
		Debug|Any CPU = Debug|Any CPU
		Release|Any CPU = Release|Any CPU
	EndGlobalSection
	GlobalSection(ProjectConfigurationPlatforms) = postSolution
		{53F81159-EBCD-4C3E-B36B-9985C3800B0E}.Debug|Any CPU.ActiveCfg = Debug|Any CPU
		{53F81159-EBCD-4C3E-B36B-9985C3800B0E}.Debug|Any CPU.Build.0 = Debug|Any CPU
		{53F81159-EBCD-4C3E-B36B-9985C3800B0E}.Release|Any CPU.ActiveCfg = Release|Any CPU
		{53F81159-EBCD-4C3E-B36B-9985C3800B0E}.Release|Any CPU.Build.0 = Release|Any CPU
	EndGlobalSection
	GlobalSection(SolutionProperties) = preSolution
		HideSolutionNode = FALSE
	EndGlobalSection
	GlobalSection(ExtensibilityGlobals) = postSolution
		SolutionGuid = {20B526B8-D242-4412-A06C-E13AD4572E88}
	EndGlobalSection
EndGlobal
